
Microsoft Visual Studio Solution File, Format Version 12.00
# Visual Studio Version 17
VisualStudioVersion = 17.0.31903.59
MinimumVisualStudioVersion = 10.0.40219.1
Project("{9A19103F-16F7-4668-BE54-9A1E7A4F7556}") = "DdonReversePowershell.Server", "DdonReversePowershell.Server\DdonReversePowershell.Server.csproj", "{31FD7EC8-2AFE-4385-9939-316F8DF82142}"
EndProject
Project("{FAE04EC0-301F-11D3-BF4B-00C04F79EFBC}") = "DdonReversePowershell.Client", "DdonReversePowershell.Client\DdonReversePowershell.Client.csproj", "{4589CB7C-15FE-4667-9563-34344CC9A13F}"
EndProject
Project("{FAE04EC0-301F-11D3-BF4B-00C04F79EFBC}") = "Ddon.ReverseShell.Client", "Ddon.ReverseShell.Client\Ddon.ReverseShell.Client.csproj", "{BB2B545D-BD58-4628-9AFD-BBE84DAA7047}"
EndProject
Global
	GlobalSection(SolutionConfigurationPlatforms) = preSolution
		Debug|Any CPU = Debug|Any CPU
		Release|Any CPU = Release|Any CPU
	EndGlobalSection
	GlobalSection(ProjectConfigurationPlatforms) = postSolution
		{31FD7EC8-2AFE-4385-9939-316F8DF82142}.Debug|Any CPU.ActiveCfg = Debug|Any CPU
		{31FD7EC8-2AFE-4385-9939-316F8DF82142}.Debug|Any CPU.Build.0 = Debug|Any CPU
		{31FD7EC8-2AFE-4385-9939-316F8DF82142}.Release|Any CPU.ActiveCfg = Release|Any CPU
		{31FD7EC8-2AFE-4385-9939-316F8DF82142}.Release|Any CPU.Build.0 = Release|Any CPU
		{4589CB7C-15FE-4667-9563-34344CC9A13F}.Debug|Any CPU.ActiveCfg = Debug|Any CPU
		{4589CB7C-15FE-4667-9563-34344CC9A13F}.Debug|Any CPU.Build.0 = Debug|Any CPU
		{4589CB7C-15FE-4667-9563-34344CC9A13F}.Release|Any CPU.ActiveCfg = Release|Any CPU
		{4589CB7C-15FE-4667-9563-34344CC9A13F}.Release|Any CPU.Build.0 = Release|Any CPU
		{BB2B545D-BD58-4628-9AFD-BBE84DAA7047}.Debug|Any CPU.ActiveCfg = Debug|Any CPU
		{BB2B545D-BD58-4628-9AFD-BBE84DAA7047}.Debug|Any CPU.Build.0 = Debug|Any CPU
		{BB2B545D-BD58-4628-9AFD-BBE84DAA7047}.Release|Any CPU.ActiveCfg = Release|Any CPU
		{BB2B545D-BD58-4628-9AFD-BBE84DAA7047}.Release|Any CPU.Build.0 = Release|Any CPU
	EndGlobalSection
	GlobalSection(SolutionProperties) = preSolution
		HideSolutionNode = FALSE
	EndGlobalSection
	GlobalSection(ExtensibilityGlobals) = postSolution
		SolutionGuid = {B6597DD3-030A-48CE-8583-45C23A27E516}
	EndGlobalSection
EndGlobal
